
Microsoft Visual Studio Solution File, Format Version 12.00
# Visual Studio Version 17
VisualStudioVersion = 17.0.31903.59
MinimumVisualStudioVersion = 10.0.40219.1
Project("{FAE04EC0-301F-11D3-BF4B-00C04F79EFBC}") = "Client", "Client\Client.csproj", "{162DE415-8146-456F-ADA8-2D2AFF8E5100}"
EndProject
Project("{FAE04EC0-301F-11D3-BF4B-00C04F79EFBC}") = "Server", "Server\Server.csproj", "{8C591174-E0A1-4F89-9697-87C53F529400}"
EndProject
Global
	GlobalSection(SolutionConfigurationPlatforms) = preSolution
		Debug|Any CPU = Debug|Any CPU
		Release|Any CPU = Release|Any CPU
	EndGlobalSection
	GlobalSection(SolutionProperties) = preSolution
		HideSolutionNode = FALSE
	EndGlobalSection
	GlobalSection(ProjectConfigurationPlatforms) = postSolution
		{162DE415-8146-456F-ADA8-2D2AFF8E5100}.Debug|Any CPU.ActiveCfg = Debug|Any CPU
		{162DE415-8146-456F-ADA8-2D2AFF8E5100}.Debug|Any CPU.Build.0 = Debug|Any CPU
		{162DE415-8146-456F-ADA8-2D2AFF8E5100}.Release|Any CPU.ActiveCfg = Release|Any CPU
		{162DE415-8146-456F-ADA8-2D2AFF8E5100}.Release|Any CPU.Build.0 = Release|Any CPU
		{8C591174-E0A1-4F89-9697-87C53F529400}.Debug|Any CPU.ActiveCfg = Debug|Any CPU
		{8C591174-E0A1-4F89-9697-87C53F529400}.Debug|Any CPU.Build.0 = Debug|Any CPU
		{8C591174-E0A1-4F89-9697-87C53F529400}.Release|Any CPU.ActiveCfg = Release|Any CPU
		{8C591174-E0A1-4F89-9697-87C53F529400}.Release|Any CPU.Build.0 = Release|Any CPU
	EndGlobalSection
EndGlobal
